PODS:
  - connectivity (0.0.1):
    - Flutter
    - Reachability
  - Flutter (1.0.0)
  - geocoder (0.0.1):
    - Flutter
  - google_maps_flutter (0.0.1):
    - Flutter
    - GoogleMaps (< 3.10)
  - GoogleMaps (2.7.0):
    - GoogleMaps/Maps (= 2.7.0)
  - GoogleMaps/Base (2.7.0)
  - GoogleMaps/Maps (2.7.0):
    - GoogleMaps/Base
  - image_picker (0.0.1):
    - Flutter
  - path_provider (0.0.1):
    - Flutter
  - Reachability (3.2)
  - url_launcher (0.0.1):
    - Flutter

DEPENDENCIES:
  - connectivity (from `.symlinks/plugins/connectivity/ios`)
  - Flutter (from `Flutter`)
  - geocoder (from `.symlinks/plugins/geocoder/ios`)
  - google_maps_flutter (from `.symlinks/plugins/google_maps_flutter/ios`)
  - image_picker (from `.symlinks/plugins/image_picker/ios`)
  - path_provider (from `.symlinks/plugins/path_provider/ios`)
  - url_launcher (from `.symlinks/plugins/url_launcher/ios`)

SPEC REPOS:
  trunk:
    - GoogleMaps
    - Reachability

EXTERNAL SOURCES:
  connectivity:
    :path: ".symlinks/plugins/connectivity/ios"
  Flutter:
    :path: Flutter
  geocoder:
    :path: ".symlinks/plugins/geocoder/ios"
  google_maps_flutter:
    :path: ".symlinks/plugins/google_maps_flutter/ios"
  image_picker:
    :path: ".symlinks/plugins/image_picker/ios"
  path_provider:
    :path: ".symlinks/plugins/path_provider/ios"
  url_launcher:
    :path: ".symlinks/plugins/url_launcher/ios"

SPEC CHECKSUMS:
  connectivity: c4130b2985d4ef6fd26f9702e886bd5260681467
  Flutter: 0e3d915762c693b495b44d77113d4970485de6ec
  geocoder: 3cfab70531a0b367e917bafe82df4c30f6d4c45a
  google_maps_flutter: c7f9c73576de1fbe152a227bfd6e6c4ae8088619
  GoogleMaps: f79af95cb24d869457b1f961c93d3ce8b2f3b848
  image_picker: 9c3312491f862b28d21ecd8fdf0ee14e601b3f09
  path_provider: abfe2b5c733d04e238b0d8691db0cfd63a27a93c
  Reachability: 33e18b67625424e47b6cde6d202dce689ad7af96
  url_launcher: 6fef411d543ceb26efce54b05a0a40bfd74cbbef

PODFILE CHECKSUM: aafe91acc616949ddb318b77800a7f51bffa2a4c

COCOAPODS: 1.8.4
